
Microsoft Visual Studio Solution File, Format Version 12.00
# Visual Studio Version 17
VisualStudioVersion = 17.0.31612.314
MinimumVisualStudioVersion = 10.0.40219.1
Project("{9A19103F-16F7-4668-BE54-9A1E7A4F7556}") = "TradingView.Blazor.Demo", "TradingView.Blazor.Demo\TradingView.Blazor.Demo.csproj", "{32EED803-D295-4A4A-A2F5-C2E566932281}"
EndProject
Project("{9A19103F-16F7-4668-BE54-9A1E7A4F7556}") = "TradingView.Blazor", "TradingView.Blazor\TradingView.Blazor.csproj", "{72EDBD19-5FB8-47D2-BFD1-B72B61D129C1}"
EndProject
Project("{2150E333-8FDC-42A3-9474-1A3956D46DE8}") = "Solution Items", "Solution Items", "{407FD813-DDB6-4FF1-9F20-74C65B8B4E94}"
	ProjectSection(SolutionItems) = preProject
		README.md = README.md
	EndProjectSection
EndProject
Global
	GlobalSection(SolutionConfigurationPlatforms) = preSolution
		Debug|Any CPU = Debug|Any CPU
		Release|Any CPU = Release|Any CPU
	EndGlobalSection
	GlobalSection(ProjectConfigurationPlatforms) = postSolution
		{32EED803-D295-4A4A-A2F5-C2E566932281}.Debug|Any CPU.ActiveCfg = Debug|Any CPU
		{32EED803-D295-4A4A-A2F5-C2E566932281}.Debug|Any CPU.Build.0 = Debug|Any CPU
		{32EED803-D295-4A4A-A2F5-C2E566932281}.Release|Any CPU.ActiveCfg = Release|Any CPU
		{32EED803-D295-4A4A-A2F5-C2E566932281}.Release|Any CPU.Build.0 = Release|Any CPU
		{72EDBD19-5FB8-47D2-BFD1-B72B61D129C1}.Debug|Any CPU.ActiveCfg = Debug|Any CPU
		{72EDBD19-5FB8-47D2-BFD1-B72B61D129C1}.Debug|Any CPU.Build.0 = Debug|Any CPU
		{72EDBD19-5FB8-47D2-BFD1-B72B61D129C1}.Release|Any CPU.ActiveCfg = Release|Any CPU
		{72EDBD19-5FB8-47D2-BFD1-B72B61D129C1}.Release|Any CPU.Build.0 = Release|Any CPU
	EndGlobalSection
	GlobalSection(SolutionProperties) = preSolution
		HideSolutionNode = FALSE
	EndGlobalSection
	GlobalSection(ExtensibilityGlobals) = postSolution
		SolutionGuid = {4F05AA20-93DF-4EE2-BB09-02E1D9D5B46F}
	EndGlobalSection
EndGlobal
